schema: '2.0'
stages:
  data_ingestion:
    cmd: python src/data/data_ingestion.py
    deps:
    - path: src/data/data_ingestion.py
      hash: md5
      md5: e05644cb5a2ff4508261b5471e7a0ef0
      size: 4238
    params:
      params.yaml:
        data_ingestion.test_size: 0.2
    outs:
    - path: data/raw
      hash: md5
      md5: b855e2bab4e21078d44844fee5be9da3.dir
      size: 6882906
      nfiles: 2
  data_preprocessing:
    cmd: python src/data/data_preprocessing.py
    deps:
    - path: data/raw/test.csv
      hash: md5
      md5: 295b88d81555e67a857db0337244e118
      size: 1341252
    - path: data/raw/train.csv
      hash: md5
      md5: 70faef66e6135c49f7f02db4a55e9fdd
      size: 5541654
    - path: src/data/data_preprocessing.py
      hash: md5
      md5: e74882ef9481d062af5698ebdfc4a0bb
      size: 3736
    outs:
    - path: data/interim
      hash: md5
      md5: a2bbccdc23dd271231099f8d5c99ff87.dir
      size: 5098055
      nfiles: 2
  model_building:
    cmd: python src/model/model_building.py
    deps:
    - path: data/interim/train_processed.csv
      hash: md5
      md5: 86284f4698366b0f2ee05c211c0e9453
      size: 4104889
    - path: src/model/model_building.py
      hash: md5
      md5: f8ca03403830339b271989c476ccc87c
      size: 5483
    params:
      params.yaml:
        model_building.learning_rate: 0.09
        model_building.max_depth: 20
        model_building.max_features: 1000
        model_building.n_estimators: 367
        model_building.ngram_range:
        - 1
        - 3
    outs:
    - path: lgbm_model.pkl
      hash: md5
      md5: b06e61e0790fc79059971a4ed2447972
      size: 3886847
    - path: tfidf_vectorizer.pkl
      hash: md5
      md5: 470b9e9718f92d903120a896f91a212e
      size: 36873
  model_evaluation:
    cmd: python src/model/model_evaluation.py
    deps:
    - path: data/interim/test_processed.csv
      hash: md5
      md5: 5b260b8114240fb9c541c0d07b150b14
      size: 993166
    - path: data/interim/train_processed.csv
      hash: md5
      md5: 86284f4698366b0f2ee05c211c0e9453
      size: 4104889
    - path: lgbm_model.pkl
      hash: md5
      md5: b06e61e0790fc79059971a4ed2447972
      size: 3886847
    - path: src/model/model_evaluation.py
      hash: md5
      md5: a13b24af93b48e16fc2ef0f741e1a957
      size: 7170
    - path: tfidf_vectorizer.pkl
      hash: md5
      md5: 470b9e9718f92d903120a896f91a212e
      size: 36873
    outs:
    - path: experiment_info.json
      hash: md5
      md5: edd658138249e725893cb734b560f9db
      size: 84
  model_registration:
    cmd: python src/model/register_model.py
    deps:
    - path: experiment_info.json
      hash: md5
      md5: edd658138249e725893cb734b560f9db
      size: 84
    - path: src/model/register_model.py
      hash: md5
      md5: 8659955ff77bd913a1ded1824b8b2af0
      size: 2429
