schema: '2.0'
stages:
  data_ingestion:
    cmd: python src/data/data_ingestion.py
    deps:
    - path: src/data/data_ingestion.py
      hash: md5
      md5: e05644cb5a2ff4508261b5471e7a0ef0
      size: 4238
    params:
      params.yaml:
        data_ingestion.test_size: 0.2
    outs:
    - path: data/raw
      hash: md5
      md5: b855e2bab4e21078d44844fee5be9da3.dir
      size: 6882906
      nfiles: 2
